
Microsoft Visual Studio Solution File, Format Version 12.00
# Visual Studio Version 17
VisualStudioVersion = 17.7.34031.279
MinimumVisualStudioVersion = 10.0.40219.1
Project("{FAE04EC0-301F-11D3-BF4B-00C04F79EFBC}") = "Curd-Task-Kolte", "Curd-Task-Kolte\Curd-Task-Kolte.csproj", "{26720890-EF16-4440-967D-7332B7375829}"
EndProject
Global
	GlobalSection(SolutionConfigurationPlatforms) = preSolution
		Debug|Any CPU = Debug|Any CPU
		Release|Any CPU = Release|Any CPU
	EndGlobalSection
	GlobalSection(ProjectConfigurationPlatforms) = postSolution
		{26720890-EF16-4440-967D-7332B7375829}.Debug|Any CPU.ActiveCfg = Debug|Any CPU
		{26720890-EF16-4440-967D-7332B7375829}.Debug|Any CPU.Build.0 = Debug|Any CPU
		{26720890-EF16-4440-967D-7332B7375829}.Release|Any CPU.ActiveCfg = Release|Any CPU
		{26720890-EF16-4440-967D-7332B7375829}.Release|Any CPU.Build.0 = Release|Any CPU
	EndGlobalSection
	GlobalSection(SolutionProperties) = preSolution
		HideSolutionNode = FALSE
	EndGlobalSection
	GlobalSection(ExtensibilityGlobals) = postSolution
		SolutionGuid = {B5FCAD58-88AC-4E56-9756-3D359CD5F7A0}
	EndGlobalSection
EndGlobal
